
Microsoft Visual Studio Solution File, Format Version 12.00
# Visual Studio 14
VisualStudioVersion = 14.0.25420.1
MinimumVisualStudioVersion = 10.0.40219.1
Project("{FAE04EC0-301F-11D3-BF4B-00C04F79EFBC}") = "Wintegra.Data", "src\Wintegra.Data\Wintegra.Data.csproj", "{EC635A06-0390-44FA-A247-01F88636B272}"
EndProject
Project("{FAE04EC0-301F-11D3-BF4B-00C04F79EFBC}") = "Wintegra.Data.Tests", "src\Wintegra.Data.Tests\Wintegra.Data.Tests.csproj", "{3BAC14F4-CAF8-41AD-A8F6-C800DAC9C4F7}"
EndProject
Global
	GlobalSection(SolutionConfigurationPlatforms) = preSolution
		Debug|Any CPU = Debug|Any CPU
		Release|Any CPU = Release|Any CPU
	EndGlobalSection
	GlobalSection(ProjectConfigurationPlatforms) = postSolution
		{EC635A06-0390-44FA-A247-01F88636B272}.Debug|Any CPU.ActiveCfg = Debug|Any CPU
		{EC635A06-0390-44FA-A247-01F88636B272}.Debug|Any CPU.Build.0 = Debug|Any CPU
		{EC635A06-0390-44FA-A247-01F88636B272}.Release|Any CPU.ActiveCfg = Release|Any CPU
		{EC635A06-0390-44FA-A247-01F88636B272}.Release|Any CPU.Build.0 = Release|Any CPU
		{3BAC14F4-CAF8-41AD-A8F6-C800DAC9C4F7}.Debug|Any CPU.ActiveCfg = Debug|Any CPU
		{3BAC14F4-CAF8-41AD-A8F6-C800DAC9C4F7}.Debug|Any CPU.Build.0 = Debug|Any CPU
		{3BAC14F4-CAF8-41AD-A8F6-C800DAC9C4F7}.Release|Any CPU.ActiveCfg = Release|Any CPU
		{3BAC14F4-CAF8-41AD-A8F6-C800DAC9C4F7}.Release|Any CPU.Build.0 = Release|Any CPU
	EndGlobalSection
	GlobalSection(SolutionProperties) = preSolution
		HideSolutionNode = FALSE
	EndGlobalSection
EndGlobal
